
Microsoft Visual Studio Solution File, Format Version 12.00
# Visual Studio Version 17
VisualStudioVersion = 17.11.35208.52
MinimumVisualStudioVersion = 10.0.40219.1
Project("{8BC9CEB8-8B4A-11D0-8D11-00A0C91BC942}") = "syntax_analyzer", "syntax_analyzer.vcxproj", "{7F121139-6C14-4A85-B482-6E61A21911A2}"
EndProject
Project("{8BC9CEB8-8B4A-11D0-8D11-00A0C91BC942}") = "solver", "solver\solver.vcxproj", "{CFE744E3-0039-4CBB-8F75-50DA02448D5C}"
EndProject
Project("{8BC9CEB8-8B4A-11D0-8D11-00A0C91BC942}") = "parenthesis-handler", "parenthesis-handler\parenthesis-handler.vcxproj", "{81986239-4156-4A85-8907-3483222C3D23}"
EndProject
Project("{8BC9CEB8-8B4A-11D0-8D11-00A0C91BC942}") = "negative_numbers_handler", "negative_numbers_handler\negative_numbers_handler.vcxproj", "{603217CF-D92E-4244-A9D3-35176DDCD724}"
EndProject
Project("{8BC9CEB8-8B4A-11D0-8D11-00A0C91BC942}") = "MathFunctions", "MathFunctions\MathFunctions.vcxproj", "{537CF03E-7440-4B71-B225-DE83597DAB3C}"
EndProject
Global
	GlobalSection(SolutionConfigurationPlatforms) = preSolution
		Debug|x64 = Debug|x64
		Debug|x86 = Debug|x86
		Release|x64 = Release|x64
		Release|x86 = Release|x86
	EndGlobalSection
	GlobalSection(ProjectConfigurationPlatforms) = postSolution
		{7F121139-6C14-4A85-B482-6E61A21911A2}.Debug|x64.ActiveCfg = Debug|x64
		{7F121139-6C14-4A85-B482-6E61A21911A2}.Debug|x64.Build.0 = Debug|x64
		{7F121139-6C14-4A85-B482-6E61A21911A2}.Debug|x86.ActiveCfg = Debug|Win32
		{7F121139-6C14-4A85-B482-6E61A21911A2}.Debug|x86.Build.0 = Debug|Win32
		{7F121139-6C14-4A85-B482-6E61A21911A2}.Release|x64.ActiveCfg = Release|x64
		{7F121139-6C14-4A85-B482-6E61A21911A2}.Release|x64.Build.0 = Release|x64
		{7F121139-6C14-4A85-B482-6E61A21911A2}.Release|x86.ActiveCfg = Release|Win32
		{7F121139-6C14-4A85-B482-6E61A21911A2}.Release|x86.Build.0 = Release|Win32
		{CFE744E3-0039-4CBB-8F75-50DA02448D5C}.Debug|x64.ActiveCfg = Debug|x64
		{CFE744E3-0039-4CBB-8F75-50DA02448D5C}.Debug|x64.Build.0 = Debug|x64
		{CFE744E3-0039-4CBB-8F75-50DA02448D5C}.Debug|x86.ActiveCfg = Debug|Win32
		{CFE744E3-0039-4CBB-8F75-50DA02448D5C}.Debug|x86.Build.0 = Debug|Win32
		{CFE744E3-0039-4CBB-8F75-50DA02448D5C}.Release|x64.ActiveCfg = Release|x64
		{CFE744E3-0039-4CBB-8F75-50DA02448D5C}.Release|x64.Build.0 = Release|x64
		{CFE744E3-0039-4CBB-8F75-50DA02448D5C}.Release|x86.ActiveCfg = Release|Win32
		{CFE744E3-0039-4CBB-8F75-50DA02448D5C}.Release|x86.Build.0 = Release|Win32
		{81986239-4156-4A85-8907-3483222C3D23}.Debug|x64.ActiveCfg = Debug|x64
		{81986239-4156-4A85-8907-3483222C3D23}.Debug|x64.Build.0 = Debug|x64
		{81986239-4156-4A85-8907-3483222C3D23}.Debug|x86.ActiveCfg = Debug|Win32
		{81986239-4156-4A85-8907-3483222C3D23}.Debug|x86.Build.0 = Debug|Win32
		{81986239-4156-4A85-8907-3483222C3D23}.Release|x64.ActiveCfg = Release|x64
		{81986239-4156-4A85-8907-3483222C3D23}.Release|x64.Build.0 = Release|x64
		{81986239-4156-4A85-8907-3483222C3D23}.Release|x86.ActiveCfg = Release|Win32
		{81986239-4156-4A85-8907-3483222C3D23}.Release|x86.Build.0 = Release|Win32
		{603217CF-D92E-4244-A9D3-35176DDCD724}.Debug|x64.ActiveCfg = Debug|x64
		{603217CF-D92E-4244-A9D3-35176DDCD724}.Debug|x64.Build.0 = Debug|x64
		{603217CF-D92E-4244-A9D3-35176DDCD724}.Debug|x86.ActiveCfg = Debug|Win32
		{603217CF-D92E-4244-A9D3-35176DDCD724}.Debug|x86.Build.0 = Debug|Win32
		{603217CF-D92E-4244-A9D3-35176DDCD724}.Release|x64.ActiveCfg = Release|x64
		{603217CF-D92E-4244-A9D3-35176DDCD724}.Release|x64.Build.0 = Release|x64
		{603217CF-D92E-4244-A9D3-35176DDCD724}.Release|x86.ActiveCfg = Release|Win32
		{603217CF-D92E-4244-A9D3-35176DDCD724}.Release|x86.Build.0 = Release|Win32
		{537CF03E-7440-4B71-B225-DE83597DAB3C}.Debug|x64.ActiveCfg = Debug|x64
		{537CF03E-7440-4B71-B225-DE83597DAB3C}.Debug|x64.Build.0 = Debug|x64
		{537CF03E-7440-4B71-B225-DE83597DAB3C}.Debug|x86.ActiveCfg = Debug|Win32
		{537CF03E-7440-4B71-B225-DE83597DAB3C}.Debug|x86.Build.0 = Debug|Win32
		{537CF03E-7440-4B71-B225-DE83597DAB3C}.Release|x64.ActiveCfg = Release|x64
		{537CF03E-7440-4B71-B225-DE83597DAB3C}.Release|x64.Build.0 = Release|x64
		{537CF03E-7440-4B71-B225-DE83597DAB3C}.Release|x86.ActiveCfg = Release|Win32
		{537CF03E-7440-4B71-B225-DE83597DAB3C}.Release|x86.Build.0 = Release|Win32
	EndGlobalSection
	GlobalSection(SolutionProperties) = preSolution
		HideSolutionNode = FALSE
	EndGlobalSection
	GlobalSection(ExtensibilityGlobals) = postSolution
		SolutionGuid = {41E01DEA-CFC9-447B-8C38-CCEE07F5C521}
	EndGlobalSection
EndGlobal
